
Microsoft Visual Studio Solution File, Format Version 12.00
# Visual Studio Version 17
VisualStudioVersion = 17.4.33110.190
MinimumVisualStudioVersion = 10.0.40219.1
Project("{FAE04EC0-301F-11D3-BF4B-00C04F79EFBC}") = "AdministracionDeEmpleados", "AdministracionDeEmpleados\AdministracionDeEmpleados.csproj", "{7F3ECCEE-BA24-4D9F-9F34-1A3C00182F13}"
EndProject
Global
	GlobalSection(SolutionConfigurationPlatforms) = preSolution
		Debug|Any CPU = Debug|Any CPU
		Release|Any CPU = Release|Any CPU
	EndGlobalSection
	GlobalSection(ProjectConfigurationPlatforms) = postSolution
		{7F3ECCEE-BA24-4D9F-9F34-1A3C00182F13}.Debug|Any CPU.ActiveCfg = Debug|Any CPU
		{7F3ECCEE-BA24-4D9F-9F34-1A3C00182F13}.Debug|Any CPU.Build.0 = Debug|Any CPU
		{7F3ECCEE-BA24-4D9F-9F34-1A3C00182F13}.Release|Any CPU.ActiveCfg = Release|Any CPU
		{7F3ECCEE-BA24-4D9F-9F34-1A3C00182F13}.Release|Any CPU.Build.0 = Release|Any CPU
	EndGlobalSection
	GlobalSection(SolutionProperties) = preSolution
		HideSolutionNode = FALSE
	EndGlobalSection
	GlobalSection(ExtensibilityGlobals) = postSolution
		SolutionGuid = {17404AC6-138F-4E6D-8850-4826C0F10B38}
	EndGlobalSection
EndGlobal
